
Microsoft Visual Studio Solution File, Format Version 12.00
# Visual Studio 15
VisualStudioVersion = 15.0.28307.1622
MinimumVisualStudioVersion = 10.0.40219.1
Project("{FAE04EC0-301F-11D3-BF4B-00C04F79EFBC}") = "DFE.TMS.Business", "DFE.TMS.Business\DFE.TMS.Business.csproj", "{CE16CAF7-88CD-436E-AB7E-4228D35301E6}"
EndProject
Project("{FAE04EC0-301F-11D3-BF4B-00C04F79EFBC}") = "DFE.TMS.Business.Console.Scratch", "DFE.TMS.Business.Console.Scratch\DFE.TMS.Business.Console.Scratch.csproj", "{29D41A6C-9D63-4CC0-8A15-7A9023A17542}"
EndProject
Project("{FAE04EC0-301F-11D3-BF4B-00C04F79EFBC}") = "DFE.TMS.CRM.Plugins", "DFE.TMS.CRM.Plugins\DFE.TMS.CRM.Plugins.csproj", "{F4C4C4D0-9137-43AB-9F9E-C46019B04BED}"
EndProject
Global
	GlobalSection(SolutionConfigurationPlatforms) = preSolution
		Debug|Any CPU = Debug|Any CPU
		Release|Any CPU = Release|Any CPU
	EndGlobalSection
	GlobalSection(ProjectConfigurationPlatforms) = postSolution
		{CE16CAF7-88CD-436E-AB7E-4228D35301E6}.Debug|Any CPU.ActiveCfg = Debug|Any CPU
		{CE16CAF7-88CD-436E-AB7E-4228D35301E6}.Debug|Any CPU.Build.0 = Debug|Any CPU
		{CE16CAF7-88CD-436E-AB7E-4228D35301E6}.Release|Any CPU.ActiveCfg = Release|Any CPU
		{CE16CAF7-88CD-436E-AB7E-4228D35301E6}.Release|Any CPU.Build.0 = Release|Any CPU
		{29D41A6C-9D63-4CC0-8A15-7A9023A17542}.Debug|Any CPU.ActiveCfg = Debug|Any CPU
		{29D41A6C-9D63-4CC0-8A15-7A9023A17542}.Debug|Any CPU.Build.0 = Debug|Any CPU
		{29D41A6C-9D63-4CC0-8A15-7A9023A17542}.Release|Any CPU.ActiveCfg = Release|Any CPU
		{29D41A6C-9D63-4CC0-8A15-7A9023A17542}.Release|Any CPU.Build.0 = Release|Any CPU
		{F4C4C4D0-9137-43AB-9F9E-C46019B04BED}.Debug|Any CPU.ActiveCfg = Debug|Any CPU
		{F4C4C4D0-9137-43AB-9F9E-C46019B04BED}.Debug|Any CPU.Build.0 = Debug|Any CPU
		{F4C4C4D0-9137-43AB-9F9E-C46019B04BED}.Release|Any CPU.ActiveCfg = Release|Any CPU
		{F4C4C4D0-9137-43AB-9F9E-C46019B04BED}.Release|Any CPU.Build.0 = Release|Any CPU
	EndGlobalSection
	GlobalSection(SolutionProperties) = preSolution
		HideSolutionNode = FALSE
	EndGlobalSection
	GlobalSection(ExtensibilityGlobals) = postSolution
		SolutionGuid = {B0F9D994-10A4-46BE-A766-A6E9C29D020B}
	EndGlobalSection
EndGlobal
